{
  "name": "tourmagne-gpx-comparator",
  "version": "1.0.0",
  "lockfileVersion": 2,
  "requires": true,
  "packages": {
    "": {
      "name": "tourmagne-gpx-comparator",
      "version": "1.0.0",
      "license": "ISC",
      "dependencies": {
        "dotenv": "^16.0.3",
        "fast-xml-parser": "4.0.15",
        "geolib": "3.3.3"
      }
    },
    "node_modules/dotenv": {
      "version": "16.0.3",
      "resolved": "https://registry.npmjs.org/dotenv/-/dotenv-16.0.3.tgz",
      "integrity": "sha512-7GO6HghkA5fYG9TYnNxi14/7K9f5occMlp3zXAuSxn7CKCxt9xbNWG7yF8hTCSUchlfWSe3uLmlPfigevRItzQ==",
      "engines": {
        "node": ">=12"
      }
    },
    "node_modules/fast-xml-parser": {
      "version": "4.0.15",
      "resolved": "https://registry.npmjs.org/fast-xml-parser/-/fast-xml-parser-4.0.15.tgz",
      "integrity": "sha512-bF4/E33/K/EZDHV23IJpSK2SU7rZTaSkDH5G85nXX8SKlQ9qBpWQhyPpm2nlTBewDJgtpd6+1x4TNpKmocmthQ==",
      "dependencies": {
        "strnum": "^1.0.5"
      },
      "bin": {
        "fxparser": "src/cli/cli.js"
      },
      "funding": {
        "type": "paypal",
        "url": "https://paypal.me/naturalintelligence"
      }
    },
    "node_modules/geolib": {
      "version": "3.3.3",
      "resolved": "https://registry.npmjs.org/geolib/-/geolib-3.3.3.tgz",
      "integrity": "sha512-YO704pzdB/8QQekQuDmFD5uv5RAwAf4rOUPdcMhdEOz+HoPWD0sC7Qqdwb+LAvwIjXVRawx0QgZlocKYh8PFOQ=="
    },
    "node_modules/strnum": {
      "version": "1.0.5",
      "resolved": "https://registry.npmjs.org/strnum/-/strnum-1.0.5.tgz",
      "integrity": "sha512-J8bbNyKKXl5qYcR36TIO8W3mVGVHrmmxsd5PAItGkmyzwJvybiw2IVq5nqd0i4LSNSkB/sx9VHllbfFdr9k1JA=="
    }
  },
  "dependencies": {
    "dotenv": {
      "version": "16.0.3",
      "resolved": "https://registry.npmjs.org/dotenv/-/dotenv-16.0.3.tgz",
      "integrity": "sha512-7GO6HghkA5fYG9TYnNxi14/7K9f5occMlp3zXAuSxn7CKCxt9xbNWG7yF8hTCSUchlfWSe3uLmlPfigevRItzQ=="
    },
    "fast-xml-parser": {
      "version": "4.0.15",
      "resolved": "https://registry.npmjs.org/fast-xml-parser/-/fast-xml-parser-4.0.15.tgz",
      "integrity": "sha512-bF4/E33/K/EZDHV23IJpSK2SU7rZTaSkDH5G85nXX8SKlQ9qBpWQhyPpm2nlTBewDJgtpd6+1x4TNpKmocmthQ==",
      "requires": {
        "strnum": "^1.0.5"
      }
    },
    "geolib": {
      "version": "3.3.3",
      "resolved": "https://registry.npmjs.org/geolib/-/geolib-3.3.3.tgz",
      "integrity": "sha512-YO704pzdB/8QQekQuDmFD5uv5RAwAf4rOUPdcMhdEOz+HoPWD0sC7Qqdwb+LAvwIjXVRawx0QgZlocKYh8PFOQ=="
    },
    "strnum": {
      "version": "1.0.5",
      "resolved": "https://registry.npmjs.org/strnum/-/strnum-1.0.5.tgz",
      "integrity": "sha512-J8bbNyKKXl5qYcR36TIO8W3mVGVHrmmxsd5PAItGkmyzwJvybiw2IVq5nqd0i4LSNSkB/sx9VHllbfFdr9k1JA=="
    }
  }
}
